
Microsoft Visual Studio Solution File, Format Version 12.00
# Visual Studio Version 17
VisualStudioVersion = 17.7.33927.210
MinimumVisualStudioVersion = 10.0.40219.1
Project("{FAE04EC0-301F-11D3-BF4B-00C04F79EFBC}") = "NugetBridge", "NugetBridge\NugetBridge.csproj", "{31039318-CA8A-4479-87F2-B94D136EB707}"
EndProject
Global
	GlobalSection(SolutionConfigurationPlatforms) = preSolution
		Debug|Any CPU = Debug|Any CPU
		Debug|x64 = Debug|x64
		Release|Any CPU = Release|Any CPU
		Release|x64 = Release|x64
	EndGlobalSection
	GlobalSection(ProjectConfigurationPlatforms) = postSolution
		{31039318-CA8A-4479-87F2-B94D136EB707}.Debug|Any CPU.ActiveCfg = Debug|Any CPU
		{31039318-CA8A-4479-87F2-B94D136EB707}.Debug|Any CPU.Build.0 = Debug|Any CPU
		{31039318-CA8A-4479-87F2-B94D136EB707}.Debug|x64.ActiveCfg = Debug|x64
		{31039318-CA8A-4479-87F2-B94D136EB707}.Debug|x64.Build.0 = Debug|x64
		{31039318-CA8A-4479-87F2-B94D136EB707}.Release|Any CPU.ActiveCfg = Release|Any CPU
		{31039318-CA8A-4479-87F2-B94D136EB707}.Release|Any CPU.Build.0 = Release|Any CPU
		{31039318-CA8A-4479-87F2-B94D136EB707}.Release|x64.ActiveCfg = Release|x64
		{31039318-CA8A-4479-87F2-B94D136EB707}.Release|x64.Build.0 = Release|x64
	EndGlobalSection
	GlobalSection(SolutionProperties) = preSolution
		HideSolutionNode = FALSE
	EndGlobalSection
	GlobalSection(ExtensibilityGlobals) = postSolution
		SolutionGuid = {72CE1343-78AF-4646-A1AD-7F2A0B406F54}
	EndGlobalSection
EndGlobal
